schema: '2.0'
stages:
  ingest:
    cmd: python src/ingestion/data_ingestion.py --raw-root data/raw 
      --output-path data/processed/ingestion_manifest.json
    deps:
    - path: data/raw
      hash: md5
      md5: e7c4438e4fb933f39c79270fb43a3b71.dir
      size: 2161283
      nfiles: 11
    - path: src/ingestion/data_ingestion.py
      hash: md5
      md5: 479c02e9557978b4c6c1811280e5370f
      size: 7271
    outs:
    - path: data/processed/ingestion_manifest.json
      hash: md5
      md5: 023224e3a82d6e34feaebbd464973455
      size: 1461
  merge:
    cmd: python src/features/merge_exog_pipeline.py
    deps:
    - path: data/processed/ingestion_manifest.json
      hash: md5
      md5: 023224e3a82d6e34feaebbd464973455
      size: 1461
    - path: data/raw
      hash: md5
      md5: e7c4438e4fb933f39c79270fb43a3b71.dir
      size: 2161283
      nfiles: 11
    - path: src/features/merge_exog_pipeline.py
      hash: md5
      md5: 049e599a887615b700426ca4be149885
      size: 19884
    outs:
    - path: data/processed/merged_exog.csv
      hash: md5
      md5: 1dcd258dd0a7ceec3cd977030e2157cd
      size: 439120
  forecast:
    cmd: python src/pipelines/forecast.py --merged 
      data/processed/merged_exog.csv --outputs results/forecasts --horizons 10 
      20 --seed 42
    deps:
    - path: data/processed/merged_exog.csv
      hash: md5
      md5: 1dcd258dd0a7ceec3cd977030e2157cd
      size: 439120
    - path: src/pipelines/forecast.py
      hash: md5
      md5: 4af8a9ecdbc56309008a47597ff89ca8
      size: 9105
    outs:
    - path: results/forecasts
      hash: md5
      md5: f97aeadbfb2cb4ac6e3ca6e60a57f858.dir
      size: 4702
      nfiles: 3
  diagnostics:
    cmd: python src/diagnostics/canonical_diagnostics.py --forecast-dir 
      results/forecasts --output-dir results/diagnostics
    deps:
    - path: results/forecasts
      hash: md5
      md5: f97aeadbfb2cb4ac6e3ca6e60a57f858.dir
      size: 4702
      nfiles: 3
    - path: src/diagnostics/canonical_diagnostics.py
      hash: md5
      md5: f4c7c202bd040cfb80ee3e88311a9077
      size: 4125
    outs:
    - path: results/diagnostics
      hash: md5
      md5: 651a25eb52c966048a1790559b8dc915.dir
      size: 144025
      nfiles: 6
